version = 1
revision = 3
requires-python = ">=3.11"

[[package]]
name = "colorama"
version = "0.4.6"
source = { registry = "https://pypi.org/simple" }
sdist = { url = "https://files.pythonhosted.org/packages/d8/53/6f443c9a4a8358a93a6792e2acffb9d9d5cb0a5cfd8802644b7b1c9a02e4/colorama-0.4.6.tar.gz", hash = "sha256:08695f5cb7ed6e0531a20572697297273c47b8cae5a63ffc6d6ed5c201be6e44", size = 27697, upload-time = "2022-10-25T02:36:22.414Z" }
wheels = [
    { url = "https://files.pythonhosted.org/packages/d1/d6/3965ed04c63042e047cb6a3e6ed1a63a35087b6a609aa3a15ed8ac56c221/colorama-0.4.6-py2.py3-none-any.whl", hash = "sha256:4f1d9991f5acc0ca119f9d443620b77f9d6b33703e51011c16baf57afb285fc6", size = 25335, upload-time = "2022-10-25T02:36:20.889Z" },
]

[[package]]
name = "iniconfig"
version = "2.3.0"
source = { registry = "https://pypi.org/simple" }
sdist = { url = "https://files.pythonhosted.org/packages/72/34/14ca021ce8e5dfedc35312d08ba8bf51fdd999c576889fc2c24cb97f4f10/iniconfig-2.3.0.tar.gz", hash = "sha256:c76315c77db068650d49c5b56314774a7804df16fee4402c1f19d6d15d8c4730", size = 20503, upload-time = "2025-10-18T21:55:43.219Z" }
wheels = [
    { url = "https://files.pythonhosted.org/packages/cb/b1/3846dd7f199d53cb17f49cba7e651e9ce294d8497c8c150530ed11865bb8/iniconfig-2.3.0-py3-none-any.whl", hash = "sha256:f631c04d2c48c52b84d0d0549c99ff3859c98df65b3101406327ecc7d53fbf12", size = 7484, upload-time = "2025-10-18T21:55:41.639Z" },
]

[[package]]
name = "oud"
version = "0.1.0a1"
source = { editable = "." }

[package.dev-dependencies]
dev = [
    { name = "pytest" },
    { name = "ruff" },
    { name = "ty" },
]

[package.metadata]

[package.metadata.requires-dev]
dev = [
    { name = "pytest", specifier = ">=8" },
    { name = "ruff", specifier = ">=0.8" },
    { name = "ty" },
]

[[package]]
name = "packaging"
version = "26.2"
source = { registry = "https://pypi.org/simple" }
sdist = { url = "https://files.pythonhosted.org/packages/d7/f1/e7a6dd94a8d4a5626c03e4e99c87f241ba9e350cd9e6d75123f992427270/packaging-26.2.tar.gz", hash = "sha256:ff452ff5a3e828ce110190feff1178bb1f2ea2281fa2075aadb987c2fb221661", size = 228134, upload-time = "2026-04-24T20:15:23.917Z" }
wheels = [
    { url = "https://files.pythonhosted.org/packages/df/b2/87e62e8c3e2f4b32e5fe99e0b86d576da1312593b39f47d8ceef365e95ed/packaging-26.2-py3-none-any.whl", hash = "sha256:5fc45236b9446107ff2415ce77c807cee2862cb6fac22b8a73826d0693b0980e", size = 100195, upload-time = "2026-04-24T20:15:22.081Z" },
]

[[package]]
name = "pluggy"
version = "1.6.0"
source = { registry = "https://pypi.org/simple" }
sdist = { url = "https://files.pythonhosted.org/packages/f9/e2/3e91f31a7d2b083fe6ef3fa267035b518369d9511ffab804f839851d2779/pluggy-1.6.0.tar.gz", hash = "sha256:7dcc130b76258d33b90f61b658791dede3486c3e6bfb003ee5c9bfb396dd22f3", size = 69412, upload-time = "2025-05-15T12:30:07.975Z" }
wheels = [
    { url = "https://files.pythonhosted.org/packages/54/20/4d324d65cc6d9205fabedc306948156824eb9f0ee1633355a8f7ec5c66bf/pluggy-1.6.0-py3-none-any.whl", hash = "sha256:e920276dd6813095e9377c0bc5566d94c932c33b27a3e3945d8389c374dd4746", size = 20538, upload-time = "2025-05-15T12:30:06.134Z" },
]

[[package]]
name = "pygments"
version = "2.20.0"
source = { registry = "https://pypi.org/simple" }
sdist = { url = "https://files.pythonhosted.org/packages/c3/b2/bc9c9196916376152d655522fdcebac55e66de6603a76a02bca1b6414f6c/pygments-2.20.0.tar.gz", hash = "sha256:6757cd03768053ff99f3039c1a36d6c0aa0b263438fcab17520b30a303a82b5f", size = 4955991, upload-time = "2026-03-29T13:29:33.898Z" }
wheels = [
    { url = "https://files.pythonhosted.org/packages/f4/7e/a72dd26f3b0f4f2bf1dd8923c85f7ceb43172af56d63c7383eb62b332364/pygments-2.20.0-py3-none-any.whl", hash = "sha256:81a9e26dd42fd28a23a2d169d86d7ac03b46e2f8b59ed4698fb4785f946d0176", size = 1231151, upload-time = "2026-03-29T13:29:30.038Z" },
]

[[package]]
name = "pytest"
version = "9.0.3"
source = { registry = "https://pypi.org/simple" }
dependencies = [
    { name = "colorama", marker = "sys_platform == 'win32'" },
    { name = "iniconfig" },
    { name = "packaging" },
    { name = "pluggy" },
    { name = "pygments" },
]
sdist = { url = "https://files.pythonhosted.org/packages/7d/0d/549bd94f1a0a402dc8cf64563a117c0f3765662e2e668477624baeec44d5/pytest-9.0.3.tar.gz", hash = "sha256:b86ada508af81d19edeb213c681b1d48246c1a91d304c6c81a427674c17eb91c", size = 1572165, upload-time = "2026-04-07T17:16:18.027Z" }
wheels = [
    { url = "https://files.pythonhosted.org/packages/d4/24/a372aaf5c9b7208e7112038812994107bc65a84cd00e0354a88c2c77a617/pytest-9.0.3-py3-none-any.whl", hash = "sha256:2c5efc453d45394fdd706ade797c0a81091eccd1d6e4bccfcd476e2b8e0ab5d9", size = 375249, upload-time = "2026-04-07T17:16:16.13Z" },
]

[[package]]
name = "ruff"
version = "0.15.17"
source = { registry = "https://pypi.org/simple" }
sdist = { url = "https://files.pythonhosted.org/packages/8c/a9/3abdf488f1bf3d24c699415e454ed554a6350d5d89ce183be1ee0a3361ac/ruff-0.15.17.tar.gz", hash = "sha256:2ec446937fd16c8c4de2674a209cc5af64d9c6f17d21fbf1151054fa0bcf5219", size = 4743346, upload-time = "2026-06-11T17:54:47.663Z" }
wheels = [
    { url = "https://files.pythonhosted.org/packages/db/4d/e11259f5da07cb6afb2d074c31bf09da9671993f7329d4f15d2fdc458301/ruff-0.15.17-py3-none-linux_armv6l.whl", hash = "sha256:d9feddb927fc68bd295f5eebc587a7e42cfaf9b65f60ca4a2386febff575da8f", size = 10856677, upload-time = "2026-06-11T17:54:49.533Z" },
    { url = "https://files.pythonhosted.org/packages/29/3e/772d679e1a0dc058e58875bd2c0cb713a0530877b4a76fee3c7966df0d49/ruff-0.15.17-py3-none-macosx_10_12_x86_64.whl", hash = "sha256:25805a226d741c47d274a35ad5c10a7dde175fcddfa511d7cf3da0a21eb3eab7", size = 11223443, upload-time = "2026-06-11T17:55:00.573Z" },
    { url = "https://files.pythonhosted.org/packages/68/58/bd41f7688b2fd5623012605130ed70e60aa7f2244baa3d5066bdd61530c8/ruff-0.15.17-py3-none-macosx_11_0_arm64.whl", hash = "sha256:f6ad73b14c2d18a3bf8ad7cb6974294d7f613a7898604826058e6ac64918ef4d", size = 10566458, upload-time = "2026-06-11T17:55:07.52Z" },
    { url = "https://files.pythonhosted.org/packages/d8/5b/733371013fcf1ec339e477ece6ab42bfe10bdd9bba8ee88a9516aa56bfc0/ruff-0.15.17-py3-none-manylinux_2_17_aarch64.manylinux2014_aarch64.whl", hash = "sha256:6ba0c1e4f95bcb3869d0d30cbd5917071ef2e28665abfec970cdab0492c713ed", size = 10914483, upload-time = "2026-06-11T17:55:05.501Z" },
    { url = "https://files.pythonhosted.org/packages/bd/cc/6f24251cc0252f7239391ccb85833f320efad14ebe5b443943f37ced6332/ruff-0.15.17-py3-none-manylinux_2_17_armv7l.manylinux2014_armv7l.whl", hash = "sha256:81647960f10bff57d2e51cadd0c3950fe598400c852863a038720ef5b8cca91e", size = 10647497, upload-time = "2026-06-11T17:54:57.733Z" },
    { url = "https://files.pythonhosted.org/packages/68/dd/0d10c17ce1a1624d6fc3156309c3f834fdb5dfaad026ec90c85684f3990e/ruff-0.15.17-py3-none-manylinux_2_17_i686.manylinux2014_i686.whl", hash = "sha256:0e01a84ddbc8c16c23055ba3924476850f1bbc1917cebbb9376665a63e74260d", size = 11416967, upload-time = "2026-06-11T17:54:51.461Z" },
    { url = "https://files.pythonhosted.org/packages/2f/91/556bfb156f6144f355e831c23db00b2fc4120f86b3ce81cc5f7fd2df51f3/ruff-0.15.17-py3-none-manylinux_2_17_ppc64le.manylinux2014_ppc64le.whl", hash = "sha256:84fe9f653152f8f294f9f7e03bf3a453d8b4a27f7a59c78c8666167f2b17b96c", size = 12335770, upload-time = "2026-06-11T17:54:45.793Z" },
    { url = "https://files.pythonhosted.org/packages/88/82/8b5999aa13355e926f06d9f42a32dcca862f623bf0363785ff89d607dffd/ruff-0.15.17-py3-none-manylinux_2_17_s390x.manylinux2014_s390x.whl", hash = "sha256:8c0fe88a7676e7a05b73174d4d4a59cb2ac21ff8263583f87a81a6018475a978", size = 11575441, upload-time = "2026-06-11T17:54:32.661Z" },
    { url = "https://files.pythonhosted.org/packages/11/93/f10377bb04109ca0e8cbc483ff1982c54b6d418210041776f93e8cdc7fa9/ruff-0.15.17-py3-none-manylinux_2_17_x86_64.manylinux2014_x86_64.whl", hash = "sha256:ecfc3c7878fff94633ab0348524e093f9ce3243080416dd7d14f8ba400174719", size = 11557614, upload-time = "2026-06-11T17:54:34.698Z" },
    { url = "https://files.pythonhosted.org/packages/c7/a6/eeeae7f7d5493df41649ab3db92f086b2d0a30199e4efdf8e3dd7a033f24/ruff-0.15.17-py3-none-manylinux_2_31_riscv64.whl", hash = "sha256:b8461180b22420b1bdc289909410930761629fddf2a5aaf60fae1ab26cedc4c4", size = 11544450, upload-time = "2026-06-11T17:54:39.042Z" },
    { url = "https://files.pythonhosted.org/packages/32/88/5991ce565129a24dd4a00db1254b3b5db2e53018cbe4018ea5a89738e727/ruff-0.15.17-py3-none-musllinux_1_2_aarch64.whl", hash = "sha256:6eccbe50a038b503e7140b441aa9c7fc8c1f36edf23ebef9f4165c2f28f568b7", size = 10892524, upload-time = "2026-06-11T17:55:09.432Z" },
    { url = "https://files.pythonhosted.org/packages/f5/1d/0fdd248313425f55223968af04b0a42125466a8d88d21c1d99c6af0a51e8/ruff-0.15.17-py3-none-musllinux_1_2_armv7l.whl", hash = "sha256:382fc0521025f5a8ad447d8bdd523545d0d7646adb718eb1c2dac5065ec27c0f", size = 10659573, upload-time = "2026-06-11T17:54:36.824Z" },
    { url = "https://files.pythonhosted.org/packages/9e/0e/072e8260deb9461062ce9311ced27a8e541229a6ffd483013dd37661e43e/ruff-0.15.17-py3-none-musllinux_1_2_i686.whl", hash = "sha256:456d41fcd1b2777ad63f09a6e7121d43f7b688bbc76a800c10f7f8fb1f912c3f", size = 11127818, upload-time = "2026-06-11T17:55:03.124Z" },
    { url = "https://files.pythonhosted.org/packages/ab/b4/55060a34163121498014696b5f656db5b8c6963768f227dbf0d76b311073/ruff-0.15.17-py3-none-musllinux_1_2_x86_64.whl", hash = "sha256:b1a04bcc94ae6194e9db05d16ad31f298a7194bfbcb08258bbe589cee1d587b8", size = 11655901, upload-time = "2026-06-11T17:54:53.562Z" },
    { url = "https://files.pythonhosted.org/packages/49/71/9b29d6b87cef468d697f43c6a91e3fae4a80185779d7d5a4ef27d173439f/ruff-0.15.17-py3-none-win32.whl", hash = "sha256:596065960ab1ff593f744220c9fe6580eda00a95003cffa9f4048bb5b1bf0392", size = 10925574, upload-time = "2026-06-11T17:54:55.723Z" },
    { url = "https://files.pythonhosted.org/packages/3d/b2/8fc77f3723228836fa5d12497eb71c808f83782e10d058d2b15cfa14640b/ruff-0.15.17-py3-none-win_amd64.whl", hash = "sha256:6769e5fa1710b179b92e0bfa5a51735b35baea9013dadb06d5f44cbcf9547084", size = 12058788, upload-time = "2026-06-11T17:54:41.042Z" },
    { url = "https://files.pythonhosted.org/packages/2d/c7/c53e8dbff9c9dc4b7928773421ae294a5d28fcb8dcda1a089579d3a7e510/ruff-0.15.17-py3-none-win_arm64.whl", hash = "sha256:f3be1fbb34bcdfd146240d8fb92a709d4c2c8191348580a3c044ec60fa0b4456", size = 11355275, upload-time = "2026-06-11T17:54:43.635Z" },
]

[[package]]
name = "ty"
version = "0.0.58"
source = { registry = "https://pypi.org/simple" }
sdist = { url = "https://files.pythonhosted.org/packages/09/4c/26c90732658903aeb1d289208f7b7b492fa21029e0c4d6c51bdd6f8f5e51/ty-0.0.58.tar.gz", hash = "sha256:8f22484174e65c630660a454bf81b80cae7a3a7e70479f19c170d6cd87949258", size = 6133665, upload-time = "2026-07-10T03:09:30.542Z" }
wheels = [
    { url = "https://files.pythonhosted.org/packages/51/e1/5d1aa2a75829459834689f080e4be7a9d8828ce14b939ebed69161a35811/ty-0.0.58-py3-none-linux_armv6l.whl", hash = "sha256:47412850b6fbef61c42f244f6a51aa2f2c9e91f08cfbafd2d1e3730d2419d317", size = 11706915, upload-time = "2026-07-10T03:08:51.028Z" },
    { url = "https://files.pythonhosted.org/packages/96/e1/929eda9cc72a9afe39a03c76f946a503508d37343cc8ff2e64226afda105/ty-0.0.58-py3-none-macosx_10_12_x86_64.whl", hash = "sha256:79deb7bb4e5b3a1eee6ab9abc724d6ce3559d4977982707f310a139ee11fc703", size = 11532079, upload-time = "2026-07-10T03:08:53.771Z" },
    { url = "https://files.pythonhosted.org/packages/07/43/ebc58b3fc7d86a7abba2829f1674f7d4ae3a08f9794c1f31b707950c871f/ty-0.0.58-py3-none-macosx_11_0_arm64.whl", hash = "sha256:5a28af3187e661708a386d44a4fc32896a5f589fb07b734a11ab2f516e7572b7", size = 11092983, upload-time = "2026-07-10T03:08:56.025Z" },
    { url = "https://files.pythonhosted.org/packages/92/6e/9547dbb8e51e47749cfb721a02b4fc862f9a932fa0f66a34a4d6dc429bb1/ty-0.0.58-py3-none-manylinux_2_17_aarch64.manylinux2014_aarch64.whl", hash = "sha256:21a6977e34bc362fb378add46e59d5d56331c1c36727e6904767217ca8479718", size = 11490492, upload-time = "2026-07-10T03:08:58.49Z" },
    { url = "https://files.pythonhosted.org/packages/d9/76/9f83b51b5e7795d6c8d76b4bb1bb7cebf4c10d609e846c02ab138e404556/ty-0.0.58-py3-none-manylinux_2_17_armv7l.manylinux2014_armv7l.whl", hash = "sha256:3ac23e6bf6105ceca46632debf1b10b98125aaf60202aeae02f6abfeea242b3d", size = 11503696, upload-time = "2026-07-10T03:09:00.741Z" },
    { url = "https://files.pythonhosted.org/packages/47/9d/9fd48a0696c680f74e50f31cd54e524eeb58c97ea9bb1c3b8e04230ba215/ty-0.0.58-py3-none-manylinux_2_17_i686.manylinux2014_i686.whl", hash = "sha256:bb6df6a8c6a21894807a49851370ec7fc64aa910296c78ada31db0ef19359112", size = 12158653, upload-time = "2026-07-10T03:09:02.998Z" },
    { url = "https://files.pythonhosted.org/packages/bc/ea/b5de845d2d8edae04d901c7585af7f04a057e18b26311f7fa4ca62b2da30/ty-0.0.58-py3-none-manylinux_2_17_ppc64le.manylinux2014_ppc64le.whl", hash = "sha256:9df5847eebc026cde088b44420a03f7c6c169a7db747176bdf0a656eb1144713", size = 12723019, upload-time = "2026-07-10T03:09:05.291Z" },
    { url = "https://files.pythonhosted.org/packages/17/1c/54083b23eeff1e101f50b6df6a2c7f1e14b31abe0577c91bcae9e2c9395d/ty-0.0.58-py3-none-manylinux_2_17_s390x.manylinux2014_s390x.whl", hash = "sha256:53a331a7f1f85872c810676a0f16096ef98c1b95c8c9a573fe7fde64d0a93e7c", size = 12275715, upload-time = "2026-07-10T03:09:07.564Z" },
    { url = "https://files.pythonhosted.org/packages/22/88/16925434b06faa49d36aa7e7508a6821ec6feacb429ca2fd80a3d52716b4/ty-0.0.58-py3-none-manylinux_2_17_x86_64.manylinux2014_x86_64.whl", hash = "sha256:fb0b05cd479fdcedc2e6781d376ee1a33569f37ae7f58357004635f615c4374c", size = 12033075, upload-time = "2026-07-10T03:09:10.222Z" },
    { url = "https://files.pythonhosted.org/packages/58/2b/b55708dd483982ae03d14da3667e3f0346cd384e11cca3dd3674a8b598c1/ty-0.0.58-py3-none-manylinux_2_31_riscv64.whl", hash = "sha256:9a0012786077e5becbb6add9fe51eda1d4d36d249afd3ae6cd141d554af15ae3", size = 12367729, upload-time = "2026-07-10T03:09:12.338Z" },
    { url = "https://files.pythonhosted.org/packages/91/a3/99ad66652956408f7e9ac3db6b4a416199d773b6c073cf95b0eea126d340/ty-0.0.58-py3-none-musllinux_1_2_aarch64.whl", hash = "sha256:4ede96d7f6d149156da254e784b062b817736b68d4c6d660555a3d02d96966fb", size = 11439798, upload-time = "2026-07-10T03:09:14.518Z" },
    { url = "https://files.pythonhosted.org/packages/ee/23/344ceed4fe02ed498711e1f4a47b6e311fb1e9c4fecc19d31894be7a3472/ty-0.0.58-py3-none-musllinux_1_2_armv7l.whl", hash = "sha256:47608e58f73901b989402e6f283249cda4c2314282ec368aa74ab61761c62bd5", size = 11512695, upload-time = "2026-07-10T03:09:16.852Z" },
    { url = "https://files.pythonhosted.org/packages/55/cf/3801831812c468f3fd0b3043a80f557a9aa90e6c27375763d7c3121e03f2/ty-0.0.58-py3-none-musllinux_1_2_i686.whl", hash = "sha256:9757de17cc17e4c6bc26e18d4e26dea52ffee53d41a10d9087c6465e6ab12e2b", size = 11812253, upload-time = "2026-07-10T03:09:19.151Z" },
    { url = "https://files.pythonhosted.org/packages/7b/80/bce4f245787b77d1ec9feec7d9161eade5e01a77dbc132e016b24df83b0d/ty-0.0.58-py3-none-musllinux_1_2_x86_64.whl", hash = "sha256:f3776d54c1d935fcb8f814bd58efba402c86c555f93e1144c59d087e7aa8b906", size = 12123918, upload-time = "2026-07-10T03:09:21.636Z" },
    { url = "https://files.pythonhosted.org/packages/46/00/bab3d6268e7e88c792bf7cdde81bd11b31aa587eaba75196502b729747c8/ty-0.0.58-py3-none-win32.whl", hash = "sha256:8f50ec0ac3b42baa4c75895dc367071dc86b00ab440d29fdc72c633286a94815", size = 11230897, upload-time = "2026-07-10T03:09:23.871Z" },
    { url = "https://files.pythonhosted.org/packages/9c/68/d9504c895864aaa84a840dce6ac7f8e681f6938be1882c8d4f60832dbe57/ty-0.0.58-py3-none-win_amd64.whl", hash = "sha256:de8847b3a65475ae4773bddd3126bfcf29f017e88967c4dcc9c75d743a4d3e5c", size = 12299376, upload-time = "2026-07-10T03:09:26.292Z" },
    { url = "https://files.pythonhosted.org/packages/26/04/c9847cb680b5fe8e1f7d7b483edd5cedcc29394496e7b8ed40d96be796ba/ty-0.0.58-py3-none-win_arm64.whl", hash = "sha256:7334bb38789878f60677f2eb9c1de4bfdf4583e2443790989c77da9b10fe0989", size = 11710495, upload-time = "2026-07-10T03:09:28.478Z" },
]
